// !$*UTF8*$!
{
	archiveVersion = 1;
	classes = {
	};
	objectVersion = 50;
	objects = {

/* Begin PBXBuildFile section */
		22F6745B25D2A37500E94ABC /* AppDelegate.swift in Sources */ = {isa = PBXBuildFile; fileRef = 22F6745A25D2A37500E94ABC /* AppDelegate.swift */; };
		22F6745D25D2A37500E94ABC /* SceneDelegate.swift in Sources */ = {isa = PBXBuildFile; fileRef = 22F6745C25D2A37500E94ABC /* SceneDelegate.swift */; };
		22F6745F25D2A37500E94ABC /* ContentView.swift in Sources */ = {isa = PBXBuildFile; fileRef = 22F6745E25D2A37500E94ABC /* ContentView.swift */; };
		22F6746125D2A37700E94ABC /* Assets.xcassets in Resources */ = {isa = PBXBuildFile; fileRef = 22F6746025D2A37700E94ABC /* Assets.xcassets */; };
		22F6746425D2A37700E94ABC /* Preview Assets.xcassets in Resources */ = {isa = PBXBuildFile; fileRef = 22F6746325D2A37700E94ABC /* Preview Assets.xcassets */; };
		22F6746725D2A37700E94ABC /* LaunchScreen.storyboard in Resources */ = {isa = PBXBuildFile; fileRef = 22F6746525D2A37700E94ABC /* LaunchScreen.storyboard */; };
		22F6747125D2A5FD00E94ABC /* Pacifico-Regular.ttf in Resources */ = {isa = PBXBuildFile; fileRef = 22F6747025D2A5FD00E94ABC /* Pacifico-Regular.ttf */; };
		22F6747C25D2B1C100E94ABC /* InfoView.swift in Sources */ = {isa = PBXBuildFile; fileRef = 22F6747B25D2B1C100E94ABC /* InfoView.swift */; };
		22F6748025D2B4B500E94ABC /* Satisfy-Regular.ttf in Resources */ = {isa = PBXBuildFile; fileRef = 22F6747F25D2B4B500E94ABC /* Satisfy-Regular.ttf */; };
/* End PBXBuildFile section */

/* Begin PBXFileReference section */
		22F6745725D2A37500E94ABC /* PoyrazCard.app */ = {isa = PBXFileReference; explicitFileType = wrapper.application; includeInIndex = 0; path = PoyrazCard.app; sourceTree = BUILT_PRODUCTS_DIR; };
		22F6745A25D2A37500E94ABC /* AppDelegate.swift */ = {isa = PBXFileReference; lastKnownFileType = sourcecode.swift; path = AppDelegate.swift; sourceTree = "<group>"; };
		22F6745C25D2A37500E94ABC /* SceneDelegate.swift */ = {isa = PBXFileReference; lastKnownFileType = sourcecode.swift; path = SceneDelegate.swift; sourceTree = "<group>"; };
		22F6745E25D2A37500E94ABC /* ContentView.swift */ = {isa = PBXFileReference; lastKnownFileType = sourcecode.swift; path = ContentView.swift; sourceTree = "<group>"; };
		22F6746025D2A37700E94ABC /* Assets.xcassets */ = {isa = PBXFileReference; lastKnownFileType = folder.assetcatalog; path = Assets.xcassets; sourceTree = "<group>"; };
		22F6746325D2A37700E94ABC /* Preview Assets.xcassets */ = {isa = PBXFileReference; lastKnownFileType = folder.assetcatalog; path = "Preview Assets.xcassets"; sourceTree = "<group>"; };
		22F6746625D2A37700E94ABC /* Base */ = {isa = PBXFileReference; lastKnownFileType = file.storyboard; name = Base; path = Base.lproj/LaunchScreen.storyboard; sourceTree = "<group>"; };
		22F6746825D2A37700E94ABC /* Info.plist */ = {isa = PBXFileReference; lastKnownFileType = text.plist.xml; path = Info.plist; sourceTree = "<group>"; };
		22F6747025D2A5FD00E94ABC /* Pacifico-Regular.ttf */ = {isa = PBXFileReference; lastKnownFileType = file; path = "Pacifico-Regular.ttf"; sourceTree = "<group>"; };
		22F6747B25D2B1C100E94ABC /* InfoView.swift */ = {isa = PBXFileReference; lastKnownFileType = sourcecode.swift; path = InfoView.swift; sourceTree = "<group>"; };
		22F6747F25D2B4B500E94ABC /* Satisfy-Regular.ttf */ = {isa = PBXFileReference; lastKnownFileType = file; path = "Satisfy-Regular.ttf"; sourceTree = "<group>"; };
/* End PBXFileReference section */

/* Begin PBXFrameworksBuildPhase section */
		22F6745425D2A37500E94ABC /* Frameworks */ = {
			isa = PBXFrameworksBuildPhase;
			buildActionMask = 2147483647;
			files = (
			);
			runOnlyForDeploymentPostprocessing = 0;
		};
/* End PBXFrameworksBuildPhase section */

/* Begin PBXGroup section */
		22F6744E25D2A37500E94ABC = {
			isa = PBXGroup;
			children = (
				22F6745925D2A37500E94ABC /* PoyrazCard */,
				22F6745825D2A37500E94ABC /* Products */,
			);
			sourceTree = "<group>";
		};
		22F6745825D2A37500E94ABC /* Products */ = {
			isa = PBXGroup;
			children = (
				22F6745725D2A37500E94ABC /* PoyrazCard.app */,
			);
			name = Products;
			sourceTree = "<group>";
		};
		22F6745925D2A37500E94ABC /* PoyrazCard */ = {
			isa = PBXGroup;
			children = (
				22F6746F25D2A5E100E94ABC /* Fonts */,
				22F6745A25D2A37500E94ABC /* AppDelegate.swift */,
				22F6745C25D2A37500E94ABC /* SceneDelegate.swift */,
				22F6745E25D2A37500E94ABC /* ContentView.swift */,
				22F6747B25D2B1C100E94ABC /* InfoView.swift */,
				22F6746025D2A37700E94ABC /* Assets.xcassets */,
				22F6746525D2A37700E94ABC /* LaunchScreen.storyboard */,
				22F6746825D2A37700E94ABC /* Info.plist */,
				22F6746225D2A37700E94ABC /* Preview Content */,
			);
			path = PoyrazCard;
			sourceTree = "<group>";
		};
		22F6746225D2A37700E94ABC /* Preview Content */ = {
			isa = PBXGroup;
			children = (
				22F6746325D2A37700E94ABC /* Preview Assets.xcassets */,
			);
			path = "Preview Content";
			sourceTree = "<group>";
		};
		22F6746F25D2A5E100E94ABC /* Fonts */ = {
			isa = PBXGroup;
			children = (
				22F6747025D2A5FD00E94ABC /* Pacifico-Regular.ttf */,
				22F6747F25D2B4B500E94ABC /* Satisfy-Regular.ttf */,
			);
			path = Fonts;
			sourceTree = "<group>";
		};
/* End PBXGroup section */

/* Begin PBXNativeTarget section */
		22F6745625D2A37500E94ABC /* PoyrazCard */ = {
			isa = PBXNativeTarget;
			buildConfigurationList = 22F6746B25D2A37700E94ABC /* Build configuration list for PBXNativeTarget "PoyrazCard" */;
			buildPhases = (
				22F6745325D2A37500E94ABC /* Sources */,
				22F6745425D2A37500E94ABC /* Frameworks */,
				22F6745525D2A37500E94ABC /* Resources */,
			);
			buildRules = (
			);
			dependencies = (
			);
			name = PoyrazCard;
			productName = PoyrazCard;
			productReference = 22F6745725D2A37500E94ABC /* PoyrazCard.app */;
			productType = "com.apple.product-type.application";
		};
/* End PBXNativeTarget section */

/* Begin PBXProject section */
		22F6744F25D2A37500E94ABC /* Project object */ = {
			isa = PBXProject;
			attributes = {
				LastSwiftUpdateCheck = 1240;
				LastUpgradeCheck = 1240;
				TargetAttributes = {
					22F6745625D2A37500E94ABC = {
						CreatedOnToolsVersion = 12.4;
					};
				};
			};
			buildConfigurationList = 22F6745225D2A37500E94ABC /* Build configuration list for PBXProject "PoyrazCard" */;
			compatibilityVersion = "Xcode 9.3";
			developmentRegion = en;
			hasScannedForEncodings = 0;
			knownRegions = (
				en,
				Base,
			);
			mainGroup = 22F6744E25D2A37500E94ABC;
			productRefGroup = 22F6745825D2A37500E94ABC /* Products */;
			projectDirPath = "";
			projectRoot = "";
			targets = (
				22F6745625D2A37500E94ABC /* PoyrazCard */,
			);
		};
/* End PBXProject section */

/* Begin PBXResourcesBuildPhase section */
		22F6745525D2A37500E94ABC /* Resources */ = {
			isa = PBXResourcesBuildPhase;
			buildActionMask = 2147483647;
			files = (
				22F6746725D2A37700E94ABC /* LaunchScreen.storyboard in Resources */,
				22F6747125D2A5FD00E94ABC /* Pacifico-Regular.ttf in Resources */,
				22F6748025D2B4B500E94ABC /* Satisfy-Regular.ttf in Resources */,
				22F6746425D2A37700E94ABC /* Preview Assets.xcassets in Resources */,
				22F6746125D2A37700E94ABC /* Assets.xcassets in Resources */,
			);
			runOnlyForDeploymentPostprocessing = 0;
		};
/* End PBXResourcesBuildPhase section */

/* Begin PBXSourcesBuildPhase section */
		22F6745325D2A37500E94ABC /* Sources */ = {
			isa = PBXSourcesBuildPhase;
			buildActionMask = 2147483647;
			files = (
				22F6747C25D2B1C100E94ABC /* InfoView.swift in Sources */,
				22F6745B25D2A37500E94ABC /* AppDelegate.swift in Sources */,
				22F6745D25D2A37500E94ABC /* SceneDelegate.swift in Sources */,
				22F6745F25D2A37500E94ABC /* ContentView.swift in Sources */,
			);
			runOnlyForDeploymentPostprocessing = 0;
		};
/* End PBXSourcesBuildPhase section */

/* Begin PBXVariantGroup section */
		22F6746525D2A37700E94ABC /* LaunchScreen.storyboard */ = {
			isa = PBXVariantGroup;
			children = (
				22F6746625D2A37700E94ABC /* Base */,
			);
			name = LaunchScreen.storyboard;
			sourceTree = "<group>";
		};
/* End PBXVariantGroup section */

/* Begin XCBuildConfiguration section */
		22F6746925D2A37700E94ABC /* Debug */ = {
			isa = XCBuildConfiguration;
			buildSettings = {
				ALWAYS_SEARCH_USER_PATHS = NO;
				CLANG_ANALYZER_NONNULL = YES;
				CLANG_ANALYZER_NUMBER_OBJECT_CONVERSION = YES_AGGRESSIVE;
				CLANG_CXX_LANGUAGE_STANDARD = "gnu++14";
				CLANG_CXX_LIBRARY = "libc++";
				CLANG_ENABLE_MODULES = YES;
				CLANG_ENABLE_OBJC_ARC = YES;
				CLANG_ENABLE_OBJC_WEAK = YES;
				CLANG_WARN_BLOCK_CAPTURE_AUTORELEASING = YES;
				CLANG_WARN_BOOL_CONVERSION = YES;
				CLANG_WARN_COMMA = YES;
				CLANG_WARN_CONSTANT_CONVERSION = YES;
				CLANG_WARN_DEPRECATED_OBJC_IMPLEMENTATIONS = YES;
				CLANG_WARN_DIRECT_OBJC_ISA_USAGE = YES_ERROR;
				CLANG_WARN_DOCUMENTATION_COMMENTS = YES;
				CLANG_WARN_EMPTY_BODY = YES;
				CLANG_WARN_ENUM_CONVERSION = YES;
				CLANG_WARN_INFINITE_RECURSION = YES;
				CLANG_WARN_INT_CONVERSION = YES;
				CLANG_WARN_NON_LITERAL_NULL_CONVERSION = YES;
				CLANG_WARN_OBJC_IMPLICIT_RETAIN_SELF = YES;
				CLANG_WARN_OBJC_LITERAL_CONVERSION = YES;
				CLANG_WARN_OBJC_ROOT_CLASS = YES_ERROR;
				CLANG_WARN_QUOTED_INCLUDE_IN_FRAMEWORK_HEADER = YES;
				CLANG_WARN_RANGE_LOOP_ANALYSIS = YES;
				CLANG_WARN_STRICT_PROTOTYPES = YES;
				CLANG_WARN_SUSPICIOUS_MOVE = YES;
				CLANG_WARN_UNGUARDED_AVAILABILITY = YES_AGGRESSIVE;
				CLANG_WARN_UNREACHABLE_CODE = YES;
				CLANG_WARN__DUPLICATE_METHOD_MATCH = YES;
				COPY_PHASE_STRIP = NO;
				DEBUG_INFORMATION_FORMAT = dwarf;
				ENABLE_STRICT_OBJC_MSGSEND = YES;
				ENABLE_TESTABILITY = YES;
				GCC_C_LANGUAGE_STANDARD = gnu11;
				GCC_DYNAMIC_NO_PIC = NO;
				GCC_NO_COMMON_BLOCKS = YES;
				GCC_OPTIMIZATION_LEVEL = 0;
				GCC_PREPROCESSOR_DEFINITIONS = (
					"DEBUG=1",
					"$(inherited)",
				);
				GCC_WARN_64_TO_32_BIT_CONVERSION = YES;
				GCC_WARN_ABOUT_RETURN_TYPE = YES_ERROR;
				GCC_WARN_UNDECLARED_SELECTOR = YES;
				GCC_WARN_UNINITIALIZED_AUTOS = YES_AGGRESSIVE;
				GCC_WARN_UNUSED_FUNCTION = YES;
				GCC_WARN_UNUSED_VARIABLE = YES;
				IPHONEOS_DEPLOYMENT_TARGET = 14.4;
				MTL_ENABLE_DEBUG_INFO = INCLUDE_SOURCE;
				MTL_FAST_MATH = YES;
				ONLY_ACTIVE_ARCH = YES;
				SDKROOT = iphoneos;
				SWIFT_ACTIVE_COMPILATION_CONDITIONS = DEBUG;
				SWIFT_OPTIMIZATION_LEVEL = "-Onone";
			};
			name = Debug;
		};
		22F6746A25D2A37700E94ABC /* Release */ = {
			isa = XCBuildConfiguration;
			buildSettings = {
				ALWAYS_SEARCH_USER_PATHS = NO;
				CLANG_ANALYZER_NONNULL = YES;
				CLANG_ANALYZER_NUMBER_OBJECT_CONVERSION = YES_AGGRESSIVE;
				CLANG_CXX_LANGUAGE_STANDARD = "gnu++14";
				CLANG_CXX_LIBRARY = "libc++";
				CLANG_ENABLE_MODULES = YES;
				CLANG_ENABLE_OBJC_ARC = YES;
				CLANG_ENABLE_OBJC_WEAK = YES;
				CLANG_WARN_BLOCK_CAPTURE_AUTORELEASING = YES;
				CLANG_WARN_BOOL_CONVERSION = YES;
				CLANG_WARN_COMMA = YES;
				CLANG_WARN_CONSTANT_CONVERSION = YES;
				CLANG_WARN_DEPRECATED_OBJC_IMPLEMENTATIONS = YES;
				CLANG_WARN_DIRECT_OBJC_ISA_USAGE = YES_ERROR;
				CLANG_WARN_DOCUMENTATION_COMMENTS = YES;
				CLANG_WARN_EMPTY_BODY = YES;
				CLANG_WARN_ENUM_CONVERSION = YES;
				CLANG_WARN_INFINITE_RECURSION = YES;
				CLANG_WARN_INT_CONVERSION = YES;
				CLANG_WARN_NON_LITERAL_NULL_CONVERSION = YES;
				CLANG_WARN_OBJC_IMPLICIT_RETAIN_SELF = YES;
				CLANG_WARN_OBJC_LITERAL_CONVERSION = YES;
				CLANG_WARN_OBJC_ROOT_CLASS = YES_ERROR;
				CLANG_WARN_QUOTED_INCLUDE_IN_FRAMEWORK_HEADER = YES;
				CLANG_WARN_RANGE_LOOP_ANALYSIS = YES;
				CLANG_WARN_STRICT_PROTOTYPES = YES;
				CLANG_WARN_SUSPICIOUS_MOVE = YES;
				CLANG_WARN_UNGUARDED_AVAILABILITY = YES_AGGRESSIVE;
				CLANG_WARN_UNREACHABLE_CODE = YES;
				CLANG_WARN__DUPLICATE_METHOD_MATCH = YES;
				COPY_PHASE_STRIP = NO;
				DEBUG_INFORMATION_FORMAT = "dwarf-with-dsym";
				ENABLE_NS_ASSERTIONS = NO;
				ENABLE_STRICT_OBJC_MSGSEND = YES;
				GCC_C_LANGUAGE_STANDARD = gnu11;
				GCC_NO_COMMON_BLOCKS = YES;
				GCC_WARN_64_TO_32_BIT_CONVERSION = YES;
				GCC_WARN_ABOUT_RETURN_TYPE = YES_ERROR;
				GCC_WARN_UNDECLARED_SELECTOR = YES;
				GCC_WARN_UNINITIALIZED_AUTOS = YES_AGGRESSIVE;
				GCC_WARN_UNUSED_FUNCTION = YES;
				GCC_WARN_UNUSED_VARIABLE = YES;
				IPHONEOS_DEPLOYMENT_TARGET = 14.4;
				MTL_ENABLE_DEBUG_INFO = NO;
				MTL_FAST_MATH = YES;
				SDKROOT = iphoneos;
				SWIFT_COMPILATION_MODE = wholemodule;
				SWIFT_OPTIMIZATION_LEVEL = "-O";
				VALIDATE_PRODUCT = YES;
			};
			name = Release;
		};
		22F6746C25D2A37700E94ABC /* Debug */ = {
			isa = XCBuildConfiguration;
			buildSettings = {
				ASSETCATALOG_COMPILER_APPICON_NAME = AppIcon;
				ASSETCATALOG_COMPILER_GLOBAL_ACCENT_COLOR_NAME = AccentColor;
				CODE_SIGN_STYLE = Automatic;
				DEVELOPMENT_ASSET_PATHS = "\"PoyrazCard/Preview Content\"";
				DEVELOPMENT_TEAM = 2BDTRH2ZFS;
				ENABLE_PREVIEWS = YES;
				INFOPLIST_FILE = PoyrazCard/Info.plist;
				LD_RUNPATH_SEARCH_PATHS = (
					"$(inherited)",
					"@executable_path/Frameworks",
				);
				PRODUCT_BUNDLE_IDENTIFIER = com.poyraz.PoyrazCard;
				PRODUCT_NAME = "$(TARGET_NAME)";
				SWIFT_VERSION = 5.0;
				TARGETED_DEVICE_FAMILY = "1,2";
			};
			name = Debug;
		};
		22F6746D25D2A37700E94ABC /* Release */ = {
			isa = XCBuildConfiguration;
			buildSettings = {
				ASSETCATALOG_COMPILER_APPICON_NAME = AppIcon;
				ASSETCATALOG_COMPILER_GLOBAL_ACCENT_COLOR_NAME = AccentColor;
				CODE_SIGN_STYLE = Automatic;
				DEVELOPMENT_ASSET_PATHS = "\"PoyrazCard/Preview Content\"";
				DEVELOPMENT_TEAM = 2BDTRH2ZFS;
				ENABLE_PREVIEWS = YES;
				INFOPLIST_FILE = PoyrazCard/Info.plist;
				LD_RUNPATH_SEARCH_PATHS = (
					"$(inherited)",
					"@executable_path/Frameworks",
				);
				PRODUCT_BUNDLE_IDENTIFIER = com.poyraz.PoyrazCard;
				PRODUCT_NAME = "$(TARGET_NAME)";
				SWIFT_VERSION = 5.0;
				TARGETED_DEVICE_FAMILY = "1,2";
			};
			name = Release;
		};
/* End XCBuildConfiguration section */

/* Begin XCConfigurationList section */
		22F6745225D2A37500E94ABC /* Build configuration list for PBXProject "PoyrazCard" */ = {
			isa = XCConfigurationList;
			buildConfigurations = (
				22F6746925D2A37700E94ABC /* Debug */,
				22F6746A25D2A37700E94ABC /* Release */,
			);
			defaultConfigurationIsVisible = 0;
			defaultConfigurationName = Release;
		};
		22F6746B25D2A37700E94ABC /* Build configuration list for PBXNativeTarget "PoyrazCard" */ = {
			isa = XCConfigurationList;
			buildConfigurations = (
				22F6746C25D2A37700E94ABC /* Debug */,
				22F6746D25D2A37700E94ABC /* Release */,
			);
			defaultConfigurationIsVisible = 0;
			defaultConfigurationName = Release;
		};
/* End XCConfigurationList section */
	};
	rootObject = 22F6744F25D2A37500E94ABC /* Project object */;
}
